// !$*UTF8*$!
{
	archiveVersion = 1;
	classes = {
	};
	objectVersion = 46;
	objects = {

/* Begin PBXBuildFile section */
		C5661C1114C2A8C300193D4A /* UIKit.framework in Frameworks */ = {isa = PBXBuildFile; fileRef = C5661C1014C2A8C300193D4A /* UIKit.framework */; };
		C5661C1314C2A8C300193D4A /* Foundation.framework in Frameworks */ = {isa = PBXBuildFile; fileRef = C5661C1214C2A8C300193D4A /* Foundation.framework */; };
		C5661C1514C2A8C300193D4A /* CoreGraphics.framework in Frameworks */ = {isa = PBXBuildFile; fileRef = C5661C1414C2A8C300193D4A /* CoreGraphics.framework */; };
		C5661C1B14C2A8C300193D4A /* InfoPlist.strings in Resources */ = {isa = PBXBuildFile; fileRef = C5661C1914C2A8C300193D4A /* InfoPlist.strings */; };
		C5661C1D14C2A8C300193D4A /* main.m in Sources */ = {isa = PBXBuildFile; fileRef = C5661C1C14C2A8C300193D4A /* main.m */; };
		C5661C2114C2A8C300193D4A /* CalculatorAppDelegate.m in Sources */ = {isa = PBXBuildFile; fileRef = C5661C2014C2A8C300193D4A /* CalculatorAppDelegate.m */; };
		C5661C2414C2A8C300193D4A /* MainStoryboard.storyboard in Resources */ = {isa = PBXBuildFile; fileRef = C5661C2214C2A8C300193D4A /* MainStoryboard.storyboard */; };
		C5661C2714C2A8C300193D4A /* CalculatorViewController.m in Sources */ = {isa = PBXBuildFile; fileRef = C5661C2614C2A8C300193D4A /* CalculatorViewController.m */; };
		C57D98CB14C2D99C0030398D /* CalculatorBrain.m in Sources */ = {isa = PBXBuildFile; fileRef = C57D98CA14C2D99C0030398D /* CalculatorBrain.m */; };
/* End PBXBuildFile section */

/* Begin PBXFileReference section */
		C5661C0C14C2A8C300193D4A /* Calculator.app */ = {isa = PBXFileReference; explicitFileType = wrapper.application; includeInIndex = 0; path = Calculator.app; sourceTree = BUILT_PRODUCTS_DIR; };
		C5661C1014C2A8C300193D4A /* UIKit.framework */ = {isa = PBXFileReference; lastKnownFileType = wrapper.framework; name = UIKit.framework; path = System/Library/Frameworks/UIKit.framework; sourceTree = SDKROOT; };
		C5661C1214C2A8C300193D4A /* Foundation.framework */ = {isa = PBXFileReference; lastKnownFileType = wrapper.framework; name = Foundation.framework; path = System/Library/Frameworks/Foundation.framework; sourceTree = SDKROOT; };
		C5661C1414C2A8C300193D4A /* CoreGraphics.framework */ = {isa = PBXFileReference; lastKnownFileType = wrapper.framework; name = CoreGraphics.framework; path = System/Library/Frameworks/CoreGraphics.framework; sourceTree = SDKROOT; };
		C5661C1814C2A8C300193D4A /* Calculator-Info.plist */ = {isa = PBXFileReference; lastKnownFileType = text.plist.xml; path = "Calculator-Info.plist"; sourceTree = "<group>"; };
		C5661C1A14C2A8C300193D4A /* en */ = {isa = PBXFileReference; lastKnownFileType = text.plist.strings; name = en; path = en.lproj/InfoPlist.strings; sourceTree = "<group>"; };
		C5661C1C14C2A8C300193D4A /* main.m */ = {isa = PBXFileReference; lastKnownFileType = sourcecode.c.objc; path = main.m; sourceTree = "<group>"; };
		C5661C1E14C2A8C300193D4A /* Calculator-Prefix.pch */ = {isa = PBXFileReference; lastKnownFileType = sourcecode.c.h; path = "Calculator-Prefix.pch"; sourceTree = "<group>"; };
		C5661C1F14C2A8C300193D4A /* CalculatorAppDelegate.h */ = {isa = PBXFileReference; lastKnownFileType = sourcecode.c.h; path = CalculatorAppDelegate.h; sourceTree = "<group>"; };
		C5661C2014C2A8C300193D4A /* CalculatorAppDelegate.m */ = {isa = PBXFileReference; lastKnownFileType = sourcecode.c.objc; path = CalculatorAppDelegate.m; sourceTree = "<group>"; };
		C5661C2314C2A8C300193D4A /* en */ = {isa = PBXFileReference; lastKnownFileType = file.storyboard; name = en; path = en.lproj/MainStoryboard.storyboard; sourceTree = "<group>"; };
		C5661C2514C2A8C300193D4A /* CalculatorViewController.h */ = {isa = PBXFileReference; lastKnownFileType = sourcecode.c.h; path = CalculatorViewController.h; sourceTree = "<group>"; };
		C5661C2614C2A8C300193D4A /* CalculatorViewController.m */ = {isa = PBXFileReference; lastKnownFileType = sourcecode.c.objc; path = CalculatorViewController.m; sourceTree = "<group>"; };
		C57D98C914C2D99C0030398D /* CalculatorBrain.h */ = {isa = PBXFileReference; fileEncoding = 4; lastKnownFileType = sourcecode.c.h; path = CalculatorBrain.h; sourceTree = "<group>"; };
		C57D98CA14C2D99C0030398D /* CalculatorBrain.m */ = {isa = PBXFileReference; fileEncoding = 4; lastKnownFileType = sourcecode.c.objc; path = CalculatorBrain.m; sourceTree = "<group>"; };
/* End PBXFileReference section */

/* Begin PBXFrameworksBuildPhase section */
		C5661C0914C2A8C300193D4A /* Frameworks */ = {
			isa = PBXFrameworksBuildPhase;
			buildActionMask = 2147483647;
			files = (
				C5661C1114C2A8C300193D4A /* UIKit.framework in Frameworks */,
				C5661C1314C2A8C300193D4A /* Foundation.framework in Frameworks */,
				C5661C1514C2A8C300193D4A /* CoreGraphics.framework in Frameworks */,
			);
			runOnlyForDeploymentPostprocessing = 0;
		};
/* End PBXFrameworksBuildPhase section */

/* Begin PBXGroup section */
		C5661C0114C2A8C200193D4A = {
			isa = PBXGroup;
			children = (
				C5661C1614C2A8C300193D4A /* Calculator */,
				C5661C0F14C2A8C300193D4A /* Frameworks */,
				C5661C0D14C2A8C300193D4A /* Products */,
			);
			sourceTree = "<group>";
		};
		C5661C0D14C2A8C300193D4A /* Products */ = {
			isa = PBXGroup;
			children = (
				C5661C0C14C2A8C300193D4A /* Calculator.app */,
			);
			name = Products;
			sourceTree = "<group>";
		};
		C5661C0F14C2A8C300193D4A /* Frameworks */ = {
			isa = PBXGroup;
			children = (
				C5661C1014C2A8C300193D4A /* UIKit.framework */,
				C5661C1214C2A8C300193D4A /* Foundation.framework */,
				C5661C1414C2A8C300193D4A /* CoreGraphics.framework */,
			);
			name = Frameworks;
			sourceTree = "<group>";
		};
		C5661C1614C2A8C300193D4A /* Calculator */ = {
			isa = PBXGroup;
			children = (
				C57D98C914C2D99C0030398D /* CalculatorBrain.h */,
				C57D98CA14C2D99C0030398D /* CalculatorBrain.m */,
				C5661C1F14C2A8C300193D4A /* CalculatorAppDelegate.h */,
				C5661C2014C2A8C300193D4A /* CalculatorAppDelegate.m */,
				C5661C2214C2A8C300193D4A /* MainStoryboard.storyboard */,
				C5661C2514C2A8C300193D4A /* CalculatorViewController.h */,
				C5661C2614C2A8C300193D4A /* CalculatorViewController.m */,
				C5661C1714C2A8C300193D4A /* Supporting Files */,
			);
			path = Calculator;
			sourceTree = "<group>";
		};
		C5661C1714C2A8C300193D4A /* Supporting Files */ = {
			isa = PBXGroup;
			children = (
				C5661C1814C2A8C300193D4A /* Calculator-Info.plist */,
				C5661C1914C2A8C300193D4A /* InfoPlist.strings */,
				C5661C1C14C2A8C300193D4A /* main.m */,
				C5661C1E14C2A8C300193D4A /* Calculator-Prefix.pch */,
			);
			name = "Supporting Files";
			sourceTree = "<group>";
		};
/* End PBXGroup section */

/* Begin PBXNativeTarget section */
		C5661C0B14C2A8C300193D4A /* Calculator */ = {
			isa = PBXNativeTarget;
			buildConfigurationList = C5661C2A14C2A8C300193D4A /* Build configuration list for PBXNativeTarget "Calculator" */;
			buildPhases = (
				C5661C0814C2A8C300193D4A /* Sources */,
				C5661C0914C2A8C300193D4A /* Frameworks */,
				C5661C0A14C2A8C300193D4A /* Resources */,
			);
			buildRules = (
			);
			dependencies = (
			);
			name = Calculator;
			productName = Calculator;
			productReference = C5661C0C14C2A8C300193D4A /* Calculator.app */;
			productType = "com.apple.product-type.application";
		};
/* End PBXNativeTarget section */

/* Begin PBXProject section */
		C5661C0314C2A8C200193D4A /* Project object */ = {
			isa = PBXProject;
			attributes = {
				LastUpgradeCheck = 0420;
			};
			buildConfigurationList = C5661C0614C2A8C200193D4A /* Build configuration list for PBXProject "Calculator" */;
			compatibilityVersion = "Xcode 3.2";
			developmentRegion = English;
			hasScannedForEncodings = 0;
			knownRegions = (
				en,
			);
			mainGroup = C5661C0114C2A8C200193D4A;
			productRefGroup = C5661C0D14C2A8C300193D4A /* Products */;
			projectDirPath = "";
			projectRoot = "";
			targets = (
				C5661C0B14C2A8C300193D4A /* Calculator */,
			);
		};
/* End PBXProject section */

/* Begin PBXResourcesBuildPhase section */
		C5661C0A14C2A8C300193D4A /* Resources */ = {
			isa = PBXResourcesBuildPhase;
			buildActionMask = 2147483647;
			files = (
				C5661C1B14C2A8C300193D4A /* InfoPlist.strings in Resources */,
				C5661C2414C2A8C300193D4A /* MainStoryboard.storyboard in Resources */,
			);
			runOnlyForDeploymentPostprocessing = 0;
		};
/* End PBXResourcesBuildPhase section */

/* Begin PBXSourcesBuildPhase section */
		C5661C0814C2A8C300193D4A /* Sources */ = {
			isa = PBXSourcesBuildPhase;
			buildActionMask = 2147483647;
			files = (
				C5661C1D14C2A8C300193D4A /* main.m in Sources */,
				C5661C2114C2A8C300193D4A /* CalculatorAppDelegate.m in Sources */,
				C5661C2714C2A8C300193D4A /* CalculatorViewController.m in Sources */,
				C57D98CB14C2D99C0030398D /* CalculatorBrain.m in Sources */,
			);
			runOnlyForDeploymentPostprocessing = 0;
		};
/* End PBXSourcesBuildPhase section */

/* Begin PBXVariantGroup section */
		C5661C1914C2A8C300193D4A /* InfoPlist.strings */ = {
			isa = PBXVariantGroup;
			children = (
				C5661C1A14C2A8C300193D4A /* en */,
			);
			name = InfoPlist.strings;
			sourceTree = "<group>";
		};
		C5661C2214C2A8C300193D4A /* MainStoryboard.storyboard */ = {
			isa = PBXVariantGroup;
			children = (
				C5661C2314C2A8C300193D4A /* en */,
			);
			name = MainStoryboard.storyboard;
			sourceTree = "<group>";
		};
/* End PBXVariantGroup section */

/* Begin XCBuildConfiguration section */
		C5661C2814C2A8C300193D4A /* Debug */ = {
			isa = XCBuildConfiguration;
			buildSettings = {
				ALWAYS_SEARCH_USER_PATHS = NO;
				ARCHS = "$(ARCHS_STANDARD_32_BIT)";
				CLANG_ENABLE_OBJC_ARC = YES;
				"CODE_SIGN_IDENTITY[sdk=iphoneos*]" = "iPhone Developer";
				COPY_PHASE_STRIP = NO;
				GCC_C_LANGUAGE_STANDARD = gnu99;
				GCC_DYNAMIC_NO_PIC = NO;
				GCC_OPTIMIZATION_LEVEL = 0;
				GCC_PREPROCESSOR_DEFINITIONS = (
					"DEBUG=1",
					"$(inherited)",
				);
				GCC_SYMBOLS_PRIVATE_EXTERN = NO;
				GCC_VERSION = com.apple.compilers.llvm.clang.1_0;
				GCC_WARN_ABOUT_MISSING_PROTOTYPES = YES;
				GCC_WARN_ABOUT_RETURN_TYPE = YES;
				GCC_WARN_UNUSED_VARIABLE = YES;
				IPHONEOS_DEPLOYMENT_TARGET = 5.0;
				SDKROOT = iphoneos;
			};
			name = Debug;
		};
		C5661C2914C2A8C300193D4A /* Release */ = {
			isa = XCBuildConfiguration;
			buildSettings = {
				ALWAYS_SEARCH_USER_PATHS = NO;
				ARCHS = "$(ARCHS_STANDARD_32_BIT)";
				CLANG_ENABLE_OBJC_ARC = YES;
				"CODE_SIGN_IDENTITY[sdk=iphoneos*]" = "iPhone Developer";
				COPY_PHASE_STRIP = YES;
				GCC_C_LANGUAGE_STANDARD = gnu99;
				GCC_VERSION = com.apple.compilers.llvm.clang.1_0;
				GCC_WARN_ABOUT_MISSING_PROTOTYPES = YES;
				GCC_WARN_ABOUT_RETURN_TYPE = YES;
				GCC_WARN_UNUSED_VARIABLE = YES;
				IPHONEOS_DEPLOYMENT_TARGET = 5.0;
				OTHER_CFLAGS = "-DNS_BLOCK_ASSERTIONS=1";
				SDKROOT = iphoneos;
				VALIDATE_PRODUCT = YES;
			};
			name = Release;
		};
		C5661C2B14C2A8C300193D4A /* Debug */ = {
			isa = XCBuildConfiguration;
			buildSettings = {
				GCC_PRECOMPILE_PREFIX_HEADER = YES;
				GCC_PREFIX_HEADER = "Calculator/Calculator-Prefix.pch";
				INFOPLIST_FILE = "Calculator/Calculator-Info.plist";
				PRODUCT_NAME = "$(TARGET_NAME)";
				WRAPPER_EXTENSION = app;
			};
			name = Debug;
		};
		C5661C2C14C2A8C300193D4A /* Release */ = {
			isa = XCBuildConfiguration;
			buildSettings = {
				GCC_PRECOMPILE_PREFIX_HEADER = YES;
				GCC_PREFIX_HEADER = "Calculator/Calculator-Prefix.pch";
				INFOPLIST_FILE = "Calculator/Calculator-Info.plist";
				PRODUCT_NAME = "$(TARGET_NAME)";
				WRAPPER_EXTENSION = app;
			};
			name = Release;
		};
/* End XCBuildConfiguration section */

/* Begin XCConfigurationList section */
		C5661C0614C2A8C200193D4A /* Build configuration list for PBXProject "Calculator" */ = {
			isa = XCConfigurationList;
			buildConfigurations = (
				C5661C2814C2A8C300193D4A /* Debug */,
				C5661C2914C2A8C300193D4A /* Release */,
			);
			defaultConfigurationIsVisible = 0;
			defaultConfigurationName = Release;
		};
		C5661C2A14C2A8C300193D4A /* Build configuration list for PBXNativeTarget "Calculator" */ = {
			isa = XCConfigurationList;
			buildConfigurations = (
				C5661C2B14C2A8C300193D4A /* Debug */,
				C5661C2C14C2A8C300193D4A /* Release */,
			);
			defaultConfigurationIsVisible = 0;
			defaultConfigurationName = Release;
		};
/* End XCConfigurationList section */
	};
	rootObject = C5661C0314C2A8C200193D4A /* Project object */;
}
